
Microsoft Visual Studio Solution File, Format Version 12.00
# Visual Studio Version 17
VisualStudioVersion = 17.5.002.0
MinimumVisualStudioVersion = 10.0.40219.1
Project("{9A19103F-16F7-4668-BE54-9A1E7A4F7556}") = "CodeSwitch.Utils.EmailQueuer", "CodeSwitch.Utils.EmailQueuer.csproj", "{7595C095-A149-4A18-8119-5F050BE88CF5}"
EndProject
Global
	GlobalSection(SolutionConfigurationPlatforms) = preSolution
		Debug|Any CPU = Debug|Any CPU
		Release|Any CPU = Release|Any CPU
	EndGlobalSection
	GlobalSection(ProjectConfigurationPlatforms) = postSolution
		{7595C095-A149-4A18-8119-5F050BE88CF5}.Debug|Any CPU.ActiveCfg = Debug|Any CPU
		{7595C095-A149-4A18-8119-5F050BE88CF5}.Debug|Any CPU.Build.0 = Debug|Any CPU
		{7595C095-A149-4A18-8119-5F050BE88CF5}.Release|Any CPU.ActiveCfg = Release|Any CPU
		{7595C095-A149-4A18-8119-5F050BE88CF5}.Release|Any CPU.Build.0 = Release|Any CPU
	EndGlobalSection
	GlobalSection(SolutionProperties) = preSolution
		HideSolutionNode = FALSE
	EndGlobalSection
	GlobalSection(ExtensibilityGlobals) = postSolution
		SolutionGuid = {8F497F96-1990-445C-84CB-BE0421D0481E}
	EndGlobalSection
EndGlobal
